
Microsoft Visual Studio Solution File, Format Version 12.00
# Visual Studio 2013
VisualStudioVersion = 12.0.21005.1
MinimumVisualStudioVersion = 10.0.40219.1
Project("{FAE04EC0-301F-11D3-BF4B-00C04F79EFBC}") = "WarehouseManagement", "WarehouseManagement\WarehouseManagement.csproj", "{D5101F7D-0384-4EA0-B57C-03BA4572DFF7}"
EndProject
Global
	GlobalSection(SolutionConfigurationPlatforms) = preSolution
		Debug|Any CPU = Debug|Any CPU
		Release|Any CPU = Release|Any CPU
	EndGlobalSection
	GlobalSection(ProjectConfigurationPlatforms) = postSolution
		{D5101F7D-0384-4EA0-B57C-03BA4572DFF7}.Debug|Any CPU.ActiveCfg = Debug|Any CPU
		{D5101F7D-0384-4EA0-B57C-03BA4572DFF7}.Debug|Any CPU.Build.0 = Debug|Any CPU
		{D5101F7D-0384-4EA0-B57C-03BA4572DFF7}.Release|Any CPU.ActiveCfg = Release|Any CPU
		{D5101F7D-0384-4EA0-B57C-03BA4572DFF7}.Release|Any CPU.Build.0 = Release|Any CPU
	EndGlobalSection
	GlobalSection(SolutionProperties) = preSolution
		HideSolutionNode = FALSE
	EndGlobalSection
EndGlobal
